
Microsoft Visual Studio Solution File, Format Version 11.00
# Visual Studio 2010
Project("{FAE04EC0-301F-11D3-BF4B-00C04F79EFBC}") = "Assembly-CSharp", "Assembly-CSharp.csproj", "{EA81C928-BE16-F641-39B1-0556B7EDCC55}"
EndProject
Project("{FAE04EC0-301F-11D3-BF4B-00C04F79EFBC}") = "Assembly-CSharp-Editor", "Assembly-CSharp-Editor.csproj", "{8215A423-52D8-E7F7-23EC-43EBA08AD58C}"
EndProject
Global
	GlobalSection(SolutionConfigurationPlatforms) = preSolution
		Debug|Any CPU = Debug|Any CPU
		Release|Any CPU = Release|Any CPU
	EndGlobalSection
	GlobalSection(ProjectConfigurationPlatforms) = postSolution
		{EA81C928-BE16-F641-39B1-0556B7EDCC55}.Debug|Any CPU.ActiveCfg = Debug|Any CPU
		{EA81C928-BE16-F641-39B1-0556B7EDCC55}.Debug|Any CPU.Build.0 = Debug|Any CPU
		{EA81C928-BE16-F641-39B1-0556B7EDCC55}.Release|Any CPU.ActiveCfg = Release|Any CPU
		{EA81C928-BE16-F641-39B1-0556B7EDCC55}.Release|Any CPU.Build.0 = Release|Any CPU
		{8215A423-52D8-E7F7-23EC-43EBA08AD58C}.Debug|Any CPU.ActiveCfg = Debug|Any CPU
		{8215A423-52D8-E7F7-23EC-43EBA08AD58C}.Debug|Any CPU.Build.0 = Debug|Any CPU
		{8215A423-52D8-E7F7-23EC-43EBA08AD58C}.Release|Any CPU.ActiveCfg = Release|Any CPU
		{8215A423-52D8-E7F7-23EC-43EBA08AD58C}.Release|Any CPU.Build.0 = Release|Any CPU
	EndGlobalSection
	GlobalSection(SolutionProperties) = preSolution
		HideSolutionNode = FALSE
	EndGlobalSection
EndGlobal
